// !$*UTF8*$!
{
	archiveVersion = 1;
	classes = {
	};
	objectVersion = 46;
	objects = {

/* Begin PBXBuildFile section */
		7E020C381AC4329E00B86D6A /* Clock.cpp in Sources */ = {isa = PBXBuildFile; fileRef = 7E020C361AC4329E00B86D6A /* Clock.cpp */; };
		7E020C401AC4C8A600B86D6A /* Chair.cpp in Sources */ = {isa = PBXBuildFile; fileRef = 7E020C3E1AC4C8A600B86D6A /* Chair.cpp */; };
		7E020C441AC4D96F00B86D6A /* Lamp.cpp in Sources */ = {isa = PBXBuildFile; fileRef = 7E020C421AC4D96F00B86D6A /* Lamp.cpp */; };
		7E162AFA1AC5FB4100B58A41 /* Sun.cpp in Sources */ = {isa = PBXBuildFile; fileRef = 7E162AF81AC5FB4100B58A41 /* Sun.cpp */; };
		7E22F4721ACB488E0075AE02 /* Carpet.cpp in Sources */ = {isa = PBXBuildFile; fileRef = 7E22F4701ACB488E0075AE02 /* Carpet.cpp */; };
		7E4709B61A9B6FDA00E7C86B /* Camera.cpp in Sources */ = {isa = PBXBuildFile; fileRef = 7E4709A51A9B6FDA00E7C86B /* Camera.cpp */; };
		7E4709B71A9B6FDA00E7C86B /* Main.cpp in Sources */ = {isa = PBXBuildFile; fileRef = 7E4709A71A9B6FDA00E7C86B /* Main.cpp */; };
		7E4709B81A9B6FDA00E7C86B /* Scene.cpp in Sources */ = {isa = PBXBuildFile; fileRef = 7E4709A91A9B6FDA00E7C86B /* Scene.cpp */; };
		7E4709B91A9B6FDA00E7C86B /* StaticEngine.cpp in Sources */ = {isa = PBXBuildFile; fileRef = 7E4709AB1A9B6FDA00E7C86B /* StaticEngine.cpp */; };
		7E4709BA1A9B6FDA00E7C86B /* Texture.cpp in Sources */ = {isa = PBXBuildFile; fileRef = 7E4709AD1A9B6FDA00E7C86B /* Texture.cpp */; };
		7E4709BB1A9B6FDA00E7C86B /* MyScene.cpp in Sources */ = {isa = PBXBuildFile; fileRef = 7E4709B21A9B6FDA00E7C86B /* MyScene.cpp */; };
		7E5943231ADAA18600FD303F /* Room.cpp in Sources */ = {isa = PBXBuildFile; fileRef = 7E5943201ADAA18600FD303F /* Room.cpp */; };
		7E879CEE1ADAB5EF0081E5CF /* Dog.cpp in Sources */ = {isa = PBXBuildFile; fileRef = 7E879CEC1ADAB5EF0081E5CF /* Dog.cpp */; };
		7E879CF31ADB1DD50081E5CF /* CouchMain.cpp in Sources */ = {isa = PBXBuildFile; fileRef = 7E879CEF1ADB1DD50081E5CF /* CouchMain.cpp */; };
		7E879CF41ADB1DD50081E5CF /* CouchSide.cpp in Sources */ = {isa = PBXBuildFile; fileRef = 7E879CF11ADB1DD50081E5CF /* CouchSide.cpp */; };
		7EA6726F1AD9F75F00DA3EE9 /* carpet.bmp in CopyFiles */ = {isa = PBXBuildFile; fileRef = 7E3EC7DC1ACD4D96006F76C8 /* carpet.bmp */; };
		7EA672731AD9FEFC00DA3EE9 /* sofa.bmp in CopyFiles */ = {isa = PBXBuildFile; fileRef = 7EA672721AD9FEF800DA3EE9 /* sofa.bmp */; };
		7EA672751ADA018700DA3EE9 /* floor.bmp in CopyFiles */ = {isa = PBXBuildFile; fileRef = 7EA672741ADA017F00DA3EE9 /* floor.bmp */; };
		7EBEE07D1AC8583900CCE68C /* LampLight.cpp in Sources */ = {isa = PBXBuildFile; fileRef = 7EBEE07B1AC8583900CCE68C /* LampLight.cpp */; };
		7EBEE0821AC8629600CCE68C /* Armchair.cpp in Sources */ = {isa = PBXBuildFile; fileRef = 7EBEE07E1AC8629600CCE68C /* Armchair.cpp */; };
		7ECD97181ADDC29F005D60E5 /* Outdoor.cpp in Sources */ = {isa = PBXBuildFile; fileRef = 7ECD97161ADDC29F005D60E5 /* Outdoor.cpp */; };
		7EE967471AC07C5400508E80 /* Table.cpp in Sources */ = {isa = PBXBuildFile; fileRef = 7EE967451AC07C5400508E80 /* Table.cpp */; };
		7EF1A2031ACC9681009F8E45 /* TextureManager.cpp in Sources */ = {isa = PBXBuildFile; fileRef = 7EF1A2011ACC9681009F8E45 /* TextureManager.cpp */; };
		FFB641411A812B3800739C9C /* OpenGL.framework in Frameworks */ = {isa = PBXBuildFile; fileRef = FFB641401A812B3800739C9C /* OpenGL.framework */; };
		FFB641431A812B3D00739C9C /* GLUT.framework in Frameworks */ = {isa = PBXBuildFile; fileRef = FFB641421A812B3D00739C9C /* GLUT.framework */; };
/* End PBXBuildFile section */

/* Begin PBXCopyFilesBuildPhase section */
		FFB641341A812B2E00739C9C /* CopyFiles */ = {
			isa = PBXCopyFilesBuildPhase;
			buildActionMask = 12;
			dstPath = Resources;
			dstSubfolderSpec = 7;
			files = (
				7EA672751ADA018700DA3EE9 /* floor.bmp in CopyFiles */,
				7EA672731AD9FEFC00DA3EE9 /* sofa.bmp in CopyFiles */,
				7EA6726F1AD9F75F00DA3EE9 /* carpet.bmp in CopyFiles */,
			);
			runOnlyForDeploymentPostprocessing = 0;
		};
/* End PBXCopyFilesBuildPhase section */

/* Begin PBXFileReference section */
		7E020C361AC4329E00B86D6A /* Clock.cpp */ = {isa = PBXFileReference; fileEncoding = 4; lastKnownFileType = sourcecode.cpp.cpp; path = Clock.cpp; sourceTree = "<group>"; };
		7E020C371AC4329E00B86D6A /* Clock.h */ = {isa = PBXFileReference; fileEncoding = 4; lastKnownFileType = sourcecode.c.h; path = Clock.h; sourceTree = "<group>"; };
		7E020C3C1AC4C8A600B86D6A /* Chair.h */ = {isa = PBXFileReference; fileEncoding = 4; lastKnownFileType = sourcecode.c.h; path = Chair.h; sourceTree = "<group>"; };
		7E020C3E1AC4C8A600B86D6A /* Chair.cpp */ = {isa = PBXFileReference; fileEncoding = 4; lastKnownFileType = sourcecode.cpp.cpp; path = Chair.cpp; sourceTree = "<group>"; };
		7E020C421AC4D96F00B86D6A /* Lamp.cpp */ = {isa = PBXFileReference; fileEncoding = 4; lastKnownFileType = sourcecode.cpp.cpp; path = Lamp.cpp; sourceTree = "<group>"; };
		7E020C431AC4D96F00B86D6A /* Lamp.h */ = {isa = PBXFileReference; fileEncoding = 4; lastKnownFileType = sourcecode.c.h; path = Lamp.h; sourceTree = "<group>"; };
		7E162AF81AC5FB4100B58A41 /* Sun.cpp */ = {isa = PBXFileReference; fileEncoding = 4; lastKnownFileType = sourcecode.cpp.cpp; path = Sun.cpp; sourceTree = "<group>"; };
		7E162AF91AC5FB4100B58A41 /* Sun.h */ = {isa = PBXFileReference; fileEncoding = 4; lastKnownFileType = sourcecode.c.h; path = Sun.h; sourceTree = "<group>"; };
		7E22F4701ACB488E0075AE02 /* Carpet.cpp */ = {isa = PBXFileReference; fileEncoding = 4; lastKnownFileType = sourcecode.cpp.cpp; path = Carpet.cpp; sourceTree = "<group>"; };
		7E22F4711ACB488E0075AE02 /* Carpet.h */ = {isa = PBXFileReference; fileEncoding = 4; lastKnownFileType = sourcecode.c.h; path = Carpet.h; sourceTree = "<group>"; };
		7E3EC7DC1ACD4D96006F76C8 /* carpet.bmp */ = {isa = PBXFileReference; lastKnownFileType = image.bmp; path = carpet.bmp; sourceTree = "<group>"; };
		7E4709A51A9B6FDA00E7C86B /* Camera.cpp */ = {isa = PBXFileReference; fileEncoding = 4; lastKnownFileType = sourcecode.cpp.cpp; path = Camera.cpp; sourceTree = "<group>"; };
		7E4709A61A9B6FDA00E7C86B /* Camera.h */ = {isa = PBXFileReference; fileEncoding = 4; lastKnownFileType = sourcecode.c.h; path = Camera.h; sourceTree = "<group>"; };
		7E4709A71A9B6FDA00E7C86B /* Main.cpp */ = {isa = PBXFileReference; fileEncoding = 4; lastKnownFileType = sourcecode.cpp.cpp; path = Main.cpp; sourceTree = "<group>"; };
		7E4709A81A9B6FDA00E7C86B /* Object.h */ = {isa = PBXFileReference; fileEncoding = 4; lastKnownFileType = sourcecode.c.h; path = Object.h; sourceTree = "<group>"; };
		7E4709A91A9B6FDA00E7C86B /* Scene.cpp */ = {isa = PBXFileReference; fileEncoding = 4; lastKnownFileType = sourcecode.cpp.cpp; path = Scene.cpp; sourceTree = "<group>"; };
		7E4709AA1A9B6FDA00E7C86B /* Scene.h */ = {isa = PBXFileReference; fileEncoding = 4; lastKnownFileType = sourcecode.c.h; path = Scene.h; sourceTree = "<group>"; };
		7E4709AB1A9B6FDA00E7C86B /* StaticEngine.cpp */ = {isa = PBXFileReference; fileEncoding = 4; lastKnownFileType = sourcecode.cpp.cpp; path = StaticEngine.cpp; sourceTree = "<group>"; };
		7E4709AC1A9B6FDA00E7C86B /* StaticEngine.h */ = {isa = PBXFileReference; fileEncoding = 4; lastKnownFileType = sourcecode.c.h; path = StaticEngine.h; sourceTree = "<group>"; };
		7E4709AD1A9B6FDA00E7C86B /* Texture.cpp */ = {isa = PBXFileReference; fileEncoding = 4; lastKnownFileType = sourcecode.cpp.cpp; path = Texture.cpp; sourceTree = "<group>"; };
		7E4709AE1A9B6FDA00E7C86B /* Texture.h */ = {isa = PBXFileReference; fileEncoding = 4; lastKnownFileType = sourcecode.c.h; path = Texture.h; sourceTree = "<group>"; };
		7E4709AF1A9B6FDA00E7C86B /* VectorMaths.h */ = {isa = PBXFileReference; fileEncoding = 4; lastKnownFileType = sourcecode.c.h; path = VectorMaths.h; sourceTree = "<group>"; };
		7E4709B21A9B6FDA00E7C86B /* MyScene.cpp */ = {isa = PBXFileReference; fileEncoding = 4; lastKnownFileType = sourcecode.cpp.cpp; path = MyScene.cpp; sourceTree = "<group>"; };
		7E4709B31A9B6FDA00E7C86B /* MyScene.h */ = {isa = PBXFileReference; fileEncoding = 4; lastKnownFileType = sourcecode.c.h; path = MyScene.h; sourceTree = "<group>"; };
		7E4C12851AA5273100429113 /* Environment.h */ = {isa = PBXFileReference; fileEncoding = 4; lastKnownFileType = sourcecode.c.h; path = Environment.h; sourceTree = "<group>"; };
		7E5943201ADAA18600FD303F /* Room.cpp */ = {isa = PBXFileReference; fileEncoding = 4; lastKnownFileType = sourcecode.cpp.cpp; path = Room.cpp; sourceTree = "<group>"; };
		7E5943211ADAA18600FD303F /* Room.h */ = {isa = PBXFileReference; fileEncoding = 4; lastKnownFileType = sourcecode.c.h; path = Room.h; sourceTree = "<group>"; };
		7E879CEC1ADAB5EF0081E5CF /* Dog.cpp */ = {isa = PBXFileReference; fileEncoding = 4; lastKnownFileType = sourcecode.cpp.cpp; path = Dog.cpp; sourceTree = "<group>"; };
		7E879CED1ADAB5EF0081E5CF /* Dog.h */ = {isa = PBXFileReference; fileEncoding = 4; lastKnownFileType = sourcecode.c.h; path = Dog.h; sourceTree = "<group>"; };
		7E879CEF1ADB1DD50081E5CF /* CouchMain.cpp */ = {isa = PBXFileReference; fileEncoding = 4; lastKnownFileType = sourcecode.cpp.cpp; path = CouchMain.cpp; sourceTree = "<group>"; };
		7E879CF01ADB1DD50081E5CF /* CouchMain.h */ = {isa = PBXFileReference; fileEncoding = 4; lastKnownFileType = sourcecode.c.h; path = CouchMain.h; sourceTree = "<group>"; };
		7E879CF11ADB1DD50081E5CF /* CouchSide.cpp */ = {isa = PBXFileReference; fileEncoding = 4; lastKnownFileType = sourcecode.cpp.cpp; path = CouchSide.cpp; sourceTree = "<group>"; };
		7E879CF21ADB1DD50081E5CF /* CouchSide.h */ = {isa = PBXFileReference; fileEncoding = 4; lastKnownFileType = sourcecode.c.h; path = CouchSide.h; sourceTree = "<group>"; };
		7EA672721AD9FEF800DA3EE9 /* sofa.bmp */ = {isa = PBXFileReference; lastKnownFileType = image.bmp; path = sofa.bmp; sourceTree = "<group>"; };
		7EA672741ADA017F00DA3EE9 /* floor.bmp */ = {isa = PBXFileReference; lastKnownFileType = image.bmp; path = floor.bmp; sourceTree = "<group>"; };
		7EBEE07B1AC8583900CCE68C /* LampLight.cpp */ = {isa = PBXFileReference; fileEncoding = 4; lastKnownFileType = sourcecode.cpp.cpp; path = LampLight.cpp; sourceTree = "<group>"; };
		7EBEE07C1AC8583900CCE68C /* LampLight.h */ = {isa = PBXFileReference; fileEncoding = 4; lastKnownFileType = sourcecode.c.h; path = LampLight.h; sourceTree = "<group>"; };
		7EBEE07E1AC8629600CCE68C /* Armchair.cpp */ = {isa = PBXFileReference; fileEncoding = 4; lastKnownFileType = sourcecode.cpp.cpp; path = Armchair.cpp; sourceTree = "<group>"; };
		7EBEE07F1AC8629600CCE68C /* Armchair.h */ = {isa = PBXFileReference; fileEncoding = 4; lastKnownFileType = sourcecode.c.h; path = Armchair.h; sourceTree = "<group>"; };
		7ECD97161ADDC29F005D60E5 /* Outdoor.cpp */ = {isa = PBXFileReference; fileEncoding = 4; lastKnownFileType = sourcecode.cpp.cpp; path = Outdoor.cpp; sourceTree = "<group>"; };
		7ECD97171ADDC29F005D60E5 /* Outdoor.h */ = {isa = PBXFileReference; fileEncoding = 4; lastKnownFileType = sourcecode.c.h; path = Outdoor.h; sourceTree = "<group>"; };
		7EE967451AC07C5400508E80 /* Table.cpp */ = {isa = PBXFileReference; fileEncoding = 4; lastKnownFileType = sourcecode.cpp.cpp; path = Table.cpp; sourceTree = "<group>"; };
		7EE967461AC07C5400508E80 /* Table.h */ = {isa = PBXFileReference; fileEncoding = 4; lastKnownFileType = sourcecode.c.h; path = Table.h; sourceTree = "<group>"; };
		7EF1A2011ACC9681009F8E45 /* TextureManager.cpp */ = {isa = PBXFileReference; fileEncoding = 4; lastKnownFileType = sourcecode.cpp.cpp; path = TextureManager.cpp; sourceTree = "<group>"; };
		7EF1A2021ACC9681009F8E45 /* TextureManager.h */ = {isa = PBXFileReference; fileEncoding = 4; lastKnownFileType = sourcecode.c.h; path = TextureManager.h; sourceTree = "<group>"; };
		FFB641361A812B2E00739C9C /* G53GRA */ = {isa = PBXFileReference; explicitFileType = "compiled.mach-o.executable"; includeInIndex = 0; path = G53GRA; sourceTree = BUILT_PRODUCTS_DIR; };
		FFB641401A812B3800739C9C /* OpenGL.framework */ = {isa = PBXFileReference; lastKnownFileType = wrapper.framework; name = OpenGL.framework; path = System/Library/Frameworks/OpenGL.framework; sourceTree = SDKROOT; };
		FFB641421A812B3D00739C9C /* GLUT.framework */ = {isa = PBXFileReference; lastKnownFileType = wrapper.framework; name = GLUT.framework; path = System/Library/Frameworks/GLUT.framework; sourceTree = SDKROOT; };
/* End PBXFileReference section */

/* Begin PBXFrameworksBuildPhase section */
		FFB641331A812B2E00739C9C /* Frameworks */ = {
			isa = PBXFrameworksBuildPhase;
			buildActionMask = 2147483647;
			files = (
				FFB641431A812B3D00739C9C /* GLUT.framework in Frameworks */,
				FFB641411A812B3800739C9C /* OpenGL.framework in Frameworks */,
			);
			runOnlyForDeploymentPostprocessing = 0;
		};
/* End PBXFrameworksBuildPhase section */

/* Begin PBXGroup section */
		7E162AF71AC5FAC100B58A41 /* Light */ = {
			isa = PBXGroup;
			children = (
				7E162AF81AC5FB4100B58A41 /* Sun.cpp */,
				7E162AF91AC5FB4100B58A41 /* Sun.h */,
				7EBEE07B1AC8583900CCE68C /* LampLight.cpp */,
				7EBEE07C1AC8583900CCE68C /* LampLight.h */,
			);
			name = Light;
			sourceTree = "<group>";
		};
		7E4709A31A9B6FDA00E7C86B /* GRAMacFramework */ = {
			isa = PBXGroup;
			children = (
				7E4709A41A9B6FDA00E7C86B /* Framework */,
				7E4709B01A9B6FDA00E7C86B /* Resources */,
			);
			path = GRAMacFramework;
			sourceTree = "<group>";
		};
		7E4709A41A9B6FDA00E7C86B /* Framework */ = {
			isa = PBXGroup;
			children = (
				7E4C12851AA5273100429113 /* Environment.h */,
				7E4709A51A9B6FDA00E7C86B /* Camera.cpp */,
				7E4709A61A9B6FDA00E7C86B /* Camera.h */,
				7E4709A71A9B6FDA00E7C86B /* Main.cpp */,
				7E4709A81A9B6FDA00E7C86B /* Object.h */,
				7EF1A2011ACC9681009F8E45 /* TextureManager.cpp */,
				7EF1A2021ACC9681009F8E45 /* TextureManager.h */,
				7E4709A91A9B6FDA00E7C86B /* Scene.cpp */,
				7E4709AA1A9B6FDA00E7C86B /* Scene.h */,
				7E4709AB1A9B6FDA00E7C86B /* StaticEngine.cpp */,
				7E4709AC1A9B6FDA00E7C86B /* StaticEngine.h */,
				7E4709AD1A9B6FDA00E7C86B /* Texture.cpp */,
				7E4709AE1A9B6FDA00E7C86B /* Texture.h */,
				7E4709AF1A9B6FDA00E7C86B /* VectorMaths.h */,
			);
			path = Framework;
			sourceTree = "<group>";
		};
		7E4709B01A9B6FDA00E7C86B /* Resources */ = {
			isa = PBXGroup;
			children = (
				7EA672741ADA017F00DA3EE9 /* floor.bmp */,
				7EA672721AD9FEF800DA3EE9 /* sofa.bmp */,
				7E3EC7DC1ACD4D96006F76C8 /* carpet.bmp */,
			);
			path = Resources;
			sourceTree = "<group>";
		};
		7E4709B11A9B6FDA00E7C86B /* LivingRoom */ = {
			isa = PBXGroup;
			children = (
				7E162AF71AC5FAC100B58A41 /* Light */,
				7E4E05261AADED9F003B6A2D /* constructor */,
				7E4709B21A9B6FDA00E7C86B /* MyScene.cpp */,
				7E4709B31A9B6FDA00E7C86B /* MyScene.h */,
			);
			name = LivingRoom;
			path = Scene;
			sourceTree = "<group>";
		};
		7E4E05261AADED9F003B6A2D /* constructor */ = {
			isa = PBXGroup;
			children = (
				7EBEE07E1AC8629600CCE68C /* Armchair.cpp */,
				7EBEE07F1AC8629600CCE68C /* Armchair.h */,
				7E879CEF1ADB1DD50081E5CF /* CouchMain.cpp */,
				7E879CF01ADB1DD50081E5CF /* CouchMain.h */,
				7E879CF11ADB1DD50081E5CF /* CouchSide.cpp */,
				7E879CF21ADB1DD50081E5CF /* CouchSide.h */,
				7E5943201ADAA18600FD303F /* Room.cpp */,
				7E5943211ADAA18600FD303F /* Room.h */,
				7EE967451AC07C5400508E80 /* Table.cpp */,
				7EE967461AC07C5400508E80 /* Table.h */,
				7E020C3E1AC4C8A600B86D6A /* Chair.cpp */,
				7E020C3C1AC4C8A600B86D6A /* Chair.h */,
				7E020C361AC4329E00B86D6A /* Clock.cpp */,
				7E020C371AC4329E00B86D6A /* Clock.h */,
				7E020C421AC4D96F00B86D6A /* Lamp.cpp */,
				7E020C431AC4D96F00B86D6A /* Lamp.h */,
				7E22F4701ACB488E0075AE02 /* Carpet.cpp */,
				7E22F4711ACB488E0075AE02 /* Carpet.h */,
				7E879CEC1ADAB5EF0081E5CF /* Dog.cpp */,
				7E879CED1ADAB5EF0081E5CF /* Dog.h */,
				7ECD97161ADDC29F005D60E5 /* Outdoor.cpp */,
				7ECD97171ADDC29F005D60E5 /* Outdoor.h */,
			);
			name = constructor;
			sourceTree = "<group>";
		};
		FFB6412D1A812B2E00739C9C = {
			isa = PBXGroup;
			children = (
				FFB641421A812B3D00739C9C /* GLUT.framework */,
				FFB641401A812B3800739C9C /* OpenGL.framework */,
				FFB641371A812B2E00739C9C /* Products */,
				7E4709A31A9B6FDA00E7C86B /* GRAMacFramework */,
				7E4709B11A9B6FDA00E7C86B /* LivingRoom */,
			);
			sourceTree = "<group>";
		};
		FFB641371A812B2E00739C9C /* Products */ = {
			isa = PBXGroup;
			children = (
				FFB641361A812B2E00739C9C /* G53GRA */,
			);
			name = Products;
			sourceTree = "<group>";
		};
/* End PBXGroup section */

/* Begin PBXNativeTarget section */
		FFB641351A812B2E00739C9C /* G53GRA */ = {
			isa = PBXNativeTarget;
			buildConfigurationList = FFB6413D1A812B2E00739C9C /* Build configuration list for PBXNativeTarget "G53GRA" */;
			buildPhases = (
				FFB641321A812B2E00739C9C /* Sources */,
				FFB641331A812B2E00739C9C /* Frameworks */,
				FFB641341A812B2E00739C9C /* CopyFiles */,
			);
			buildRules = (
			);
			dependencies = (
			);
			name = G53GRA;
			productName = GRAFrameworkMac;
			productReference = FFB641361A812B2E00739C9C /* G53GRA */;
			productType = "com.apple.product-type.tool";
		};
/* End PBXNativeTarget section */

/* Begin PBXProject section */
		FFB6412E1A812B2E00739C9C /* Project object */ = {
			isa = PBXProject;
			attributes = {
				LastUpgradeCheck = 0610;
				ORGANIZATIONNAME = NottinghamUniversity;
				TargetAttributes = {
					FFB641351A812B2E00739C9C = {
						CreatedOnToolsVersion = 6.1.1;
					};
				};
			};
			buildConfigurationList = FFB641311A812B2E00739C9C /* Build configuration list for PBXProject "G53GRA" */;
			compatibilityVersion = "Xcode 3.2";
			developmentRegion = English;
			hasScannedForEncodings = 0;
			knownRegions = (
				en,
			);
			mainGroup = FFB6412D1A812B2E00739C9C;
			productRefGroup = FFB641371A812B2E00739C9C /* Products */;
			projectDirPath = "";
			projectRoot = "";
			targets = (
				FFB641351A812B2E00739C9C /* G53GRA */,
			);
		};
/* End PBXProject section */

/* Begin PBXSourcesBuildPhase section */
		FFB641321A812B2E00739C9C /* Sources */ = {
			isa = PBXSourcesBuildPhase;
			buildActionMask = 2147483647;
			files = (
				7E020C401AC4C8A600B86D6A /* Chair.cpp in Sources */,
				7E879CF31ADB1DD50081E5CF /* CouchMain.cpp in Sources */,
				7E4709BA1A9B6FDA00E7C86B /* Texture.cpp in Sources */,
				7E4709B81A9B6FDA00E7C86B /* Scene.cpp in Sources */,
				7ECD97181ADDC29F005D60E5 /* Outdoor.cpp in Sources */,
				7EBEE0821AC8629600CCE68C /* Armchair.cpp in Sources */,
				7EF1A2031ACC9681009F8E45 /* TextureManager.cpp in Sources */,
				7EE967471AC07C5400508E80 /* Table.cpp in Sources */,
				7E22F4721ACB488E0075AE02 /* Carpet.cpp in Sources */,
				7E4709B71A9B6FDA00E7C86B /* Main.cpp in Sources */,
				7E4709B61A9B6FDA00E7C86B /* Camera.cpp in Sources */,
				7EBEE07D1AC8583900CCE68C /* LampLight.cpp in Sources */,
				7E5943231ADAA18600FD303F /* Room.cpp in Sources */,
				7E162AFA1AC5FB4100B58A41 /* Sun.cpp in Sources */,
				7E020C441AC4D96F00B86D6A /* Lamp.cpp in Sources */,
				7E4709BB1A9B6FDA00E7C86B /* MyScene.cpp in Sources */,
				7E020C381AC4329E00B86D6A /* Clock.cpp in Sources */,
				7E879CF41ADB1DD50081E5CF /* CouchSide.cpp in Sources */,
				7E879CEE1ADAB5EF0081E5CF /* Dog.cpp in Sources */,
				7E4709B91A9B6FDA00E7C86B /* StaticEngine.cpp in Sources */,
			);
			runOnlyForDeploymentPostprocessing = 0;
		};
/* End PBXSourcesBuildPhase section */

/* Begin XCBuildConfiguration section */
		FFB6413B1A812B2E00739C9C /* Debug */ = {
			isa = XCBuildConfiguration;
			buildSettings = {
				ALWAYS_SEARCH_USER_PATHS = NO;
				CLANG_CXX_LANGUAGE_STANDARD = "gnu++0x";
				CLANG_CXX_LIBRARY = "libc++";
				CLANG_ENABLE_MODULES = YES;
				CLANG_ENABLE_OBJC_ARC = YES;
				CLANG_WARN_BOOL_CONVERSION = YES;
				CLANG_WARN_CONSTANT_CONVERSION = YES;
				CLANG_WARN_DIRECT_OBJC_ISA_USAGE = YES_ERROR;
				CLANG_WARN_EMPTY_BODY = YES;
				CLANG_WARN_ENUM_CONVERSION = YES;
				CLANG_WARN_INT_CONVERSION = YES;
				CLANG_WARN_OBJC_ROOT_CLASS = YES_ERROR;
				CLANG_WARN_UNREACHABLE_CODE = YES;
				CLANG_WARN__DUPLICATE_METHOD_MATCH = YES;
				COPY_PHASE_STRIP = NO;
				ENABLE_STRICT_OBJC_MSGSEND = YES;
				GCC_C_LANGUAGE_STANDARD = gnu99;
				GCC_DYNAMIC_NO_PIC = NO;
				GCC_OPTIMIZATION_LEVEL = 0;
				GCC_PREPROCESSOR_DEFINITIONS = (
					"DEBUG=1",
					"$(inherited)",
				);
				GCC_SYMBOLS_PRIVATE_EXTERN = NO;
				GCC_WARN_64_TO_32_BIT_CONVERSION = YES;
				GCC_WARN_ABOUT_RETURN_TYPE = YES_ERROR;
				GCC_WARN_UNDECLARED_SELECTOR = YES;
				GCC_WARN_UNINITIALIZED_AUTOS = YES_AGGRESSIVE;
				GCC_WARN_UNUSED_FUNCTION = YES;
				GCC_WARN_UNUSED_VARIABLE = YES;
				MACOSX_DEPLOYMENT_TARGET = 10.10;
				MTL_ENABLE_DEBUG_INFO = YES;
				ONLY_ACTIVE_ARCH = YES;
				SDKROOT = macosx;
			};
			name = Debug;
		};
		FFB6413C1A812B2E00739C9C /* Release */ = {
			isa = XCBuildConfiguration;
			buildSettings = {
				ALWAYS_SEARCH_USER_PATHS = NO;
				CLANG_CXX_LANGUAGE_STANDARD = "gnu++0x";
				CLANG_CXX_LIBRARY = "libc++";
				CLANG_ENABLE_MODULES = YES;
				CLANG_ENABLE_OBJC_ARC = YES;
				CLANG_WARN_BOOL_CONVERSION = YES;
				CLANG_WARN_CONSTANT_CONVERSION = YES;
				CLANG_WARN_DIRECT_OBJC_ISA_USAGE = YES_ERROR;
				CLANG_WARN_EMPTY_BODY = YES;
				CLANG_WARN_ENUM_CONVERSION = YES;
				CLANG_WARN_INT_CONVERSION = YES;
				CLANG_WARN_OBJC_ROOT_CLASS = YES_ERROR;
				CLANG_WARN_UNREACHABLE_CODE = YES;
				CLANG_WARN__DUPLICATE_METHOD_MATCH = YES;
				COPY_PHASE_STRIP = YES;
				DEBUG_INFORMATION_FORMAT = "dwarf-with-dsym";
				ENABLE_NS_ASSERTIONS = NO;
				ENABLE_STRICT_OBJC_MSGSEND = YES;
				GCC_C_LANGUAGE_STANDARD = gnu99;
				GCC_WARN_64_TO_32_BIT_CONVERSION = YES;
				GCC_WARN_ABOUT_RETURN_TYPE = YES_ERROR;
				GCC_WARN_UNDECLARED_SELECTOR = YES;
				GCC_WARN_UNINITIALIZED_AUTOS = YES_AGGRESSIVE;
				GCC_WARN_UNUSED_FUNCTION = YES;
				GCC_WARN_UNUSED_VARIABLE = YES;
				MACOSX_DEPLOYMENT_TARGET = 10.10;
				MTL_ENABLE_DEBUG_INFO = NO;
				SDKROOT = macosx;
			};
			name = Release;
		};
		FFB6413E1A812B2E00739C9C /* Debug */ = {
			isa = XCBuildConfiguration;
			buildSettings = {
				GCC_WARN_ABOUT_DEPRECATED_FUNCTIONS = NO;
				PRODUCT_NAME = G53GRA;
			};
			name = Debug;
		};
		FFB6413F1A812B2E00739C9C /* Release */ = {
			isa = XCBuildConfiguration;
			buildSettings = {
				GCC_WARN_ABOUT_DEPRECATED_FUNCTIONS = NO;
				PRODUCT_NAME = G53GRA;
			};
			name = Release;
		};
/* End XCBuildConfiguration section */

/* Begin XCConfigurationList section */
		FFB641311A812B2E00739C9C /* Build configuration list for PBXProject "G53GRA" */ = {
			isa = XCConfigurationList;
			buildConfigurations = (
				FFB6413B1A812B2E00739C9C /* Debug */,
				FFB6413C1A812B2E00739C9C /* Release */,
			);
			defaultConfigurationIsVisible = 0;
			defaultConfigurationName = Release;
		};
		FFB6413D1A812B2E00739C9C /* Build configuration list for PBXNativeTarget "G53GRA" */ = {
			isa = XCConfigurationList;
			buildConfigurations = (
				FFB6413E1A812B2E00739C9C /* Debug */,
				FFB6413F1A812B2E00739C9C /* Release */,
			);
			defaultConfigurationIsVisible = 0;
			defaultConfigurationName = Release;
		};
/* End XCConfigurationList section */
	};
	rootObject = FFB6412E1A812B2E00739C9C /* Project object */;
}
